
Microsoft Visual Studio Solution File, Format Version 12.00
# Visual Studio 15
VisualStudioVersion = 15.0.28307.168
MinimumVisualStudioVersion = 10.0.40219.1
Project("{FAE04EC0-301F-11D3-BF4B-00C04F79EFBC}") = "webapplication", "webapplication\webapplication.csproj", "{DF112EBE-FE52-4F02-9D2A-C36909D7227D}"
EndProject
Global
	GlobalSection(SolutionConfigurationPlatforms) = preSolution
		Debug|Any CPU = Debug|Any CPU
		Release|Any CPU = Release|Any CPU
	EndGlobalSection
	GlobalSection(ProjectConfigurationPlatforms) = postSolution
		{DF112EBE-FE52-4F02-9D2A-C36909D7227D}.Debug|Any CPU.ActiveCfg = Debug|Any CPU
		{DF112EBE-FE52-4F02-9D2A-C36909D7227D}.Debug|Any CPU.Build.0 = Debug|Any CPU
		{DF112EBE-FE52-4F02-9D2A-C36909D7227D}.Release|Any CPU.ActiveCfg = Release|Any CPU
		{DF112EBE-FE52-4F02-9D2A-C36909D7227D}.Release|Any CPU.Build.0 = Release|Any CPU
	EndGlobalSection
	GlobalSection(SolutionProperties) = preSolution
		HideSolutionNode = FALSE
	EndGlobalSection
	GlobalSection(ExtensibilityGlobals) = postSolution
		SolutionGuid = {3A91DD88-DB9D-44ED-A967-91DB336C015F}
	EndGlobalSection
EndGlobal
