
Microsoft Visual Studio Solution File, Format Version 12.00
# Visual Studio Version 17
VisualStudioVersion = 17.1.32414.318
MinimumVisualStudioVersion = 10.0.40219.1
Project("{FAE04EC0-301F-11D3-BF4B-00C04F79EFBC}") = "JwtAuthentication.Server", "JwtAuthentication.Server\JwtAuthentication.Server.csproj", "{5F564BBE-FA8E-4A14-85B6-8A44CFED4D1D}"
EndProject
Global
	GlobalSection(SolutionConfigurationPlatforms) = preSolution
		Debug|Any CPU = Debug|Any CPU
		Release|Any CPU = Release|Any CPU
	EndGlobalSection
	GlobalSection(ProjectConfigurationPlatforms) = postSolution
		{5F564BBE-FA8E-4A14-85B6-8A44CFED4D1D}.Debug|Any CPU.ActiveCfg = Debug|Any CPU
		{5F564BBE-FA8E-4A14-85B6-8A44CFED4D1D}.Debug|Any CPU.Build.0 = Debug|Any CPU
		{5F564BBE-FA8E-4A14-85B6-8A44CFED4D1D}.Release|Any CPU.ActiveCfg = Release|Any CPU
		{5F564BBE-FA8E-4A14-85B6-8A44CFED4D1D}.Release|Any CPU.Build.0 = Release|Any CPU
	EndGlobalSection
	GlobalSection(SolutionProperties) = preSolution
		HideSolutionNode = FALSE
	EndGlobalSection
	GlobalSection(ExtensibilityGlobals) = postSolution
		SolutionGuid = {83AB8E7B-F1DC-4EA7-B624-0C6149EFA06D}
	EndGlobalSection
EndGlobal
