
Microsoft Visual Studio Solution File, Format Version 12.00
# Visual Studio Version 17
VisualStudioVersion = 17.1.32414.318
MinimumVisualStudioVersion = 10.0.40219.1
Project("{9A19103F-16F7-4668-BE54-9A1E7A4F7556}") = "JwtAuthentication.Server", "JwtAuthentication.Server\JwtAuthentication.Server.csproj", "{5F564BBE-FA8E-4A14-85B6-8A44CFED4D1D}"
EndProject
Project("{2150E333-8FDC-42A3-9474-1A3956D46DE8}") = "Solution Items", "Solution Items", "{6642561A-FE5B-418A-B12F-14EED18A7B96}"
	ProjectSection(SolutionItems) = preProject
		.editorconfig = .editorconfig
	EndProjectSection
EndProject
Global
	GlobalSection(SolutionConfigurationPlatforms) = preSolution
		Debug|Any CPU = Debug|Any CPU
		Release|Any CPU = Release|Any CPU
	EndGlobalSection
	GlobalSection(ProjectConfigurationPlatforms) = postSolution
		{5F564BBE-FA8E-4A14-85B6-8A44CFED4D1D}.Debug|Any CPU.ActiveCfg = Debug|Any CPU
		{5F564BBE-FA8E-4A14-85B6-8A44CFED4D1D}.Debug|Any CPU.Build.0 = Debug|Any CPU
		{5F564BBE-FA8E-4A14-85B6-8A44CFED4D1D}.Release|Any CPU.ActiveCfg = Release|Any CPU
		{5F564BBE-FA8E-4A14-85B6-8A44CFED4D1D}.Release|Any CPU.Build.0 = Release|Any CPU
	EndGlobalSection
	GlobalSection(SolutionProperties) = preSolution
		HideSolutionNode = FALSE
	EndGlobalSection
	GlobalSection(ExtensibilityGlobals) = postSolution
		SolutionGuid = {83AB8E7B-F1DC-4EA7-B624-0C6149EFA06D}
	EndGlobalSection
EndGlobal
